
Microsoft Visual Studio Solution File, Format Version 12.00
# Visual Studio Version 17
VisualStudioVersion = 17.4.33205.214
MinimumVisualStudioVersion = 10.0.40219.1
Project("{888888A0-9F3D-457C-B088-3A5042F75D52}") = "DZ", "DZ.pyproj", "{8F84251D-1CAF-476B-8517-A44D7B48D483}"
EndProject
Global
	GlobalSection(SolutionConfigurationPlatforms) = preSolution
		Debug|Any CPU = Debug|Any CPU
		Release|Any CPU = Release|Any CPU
	EndGlobalSection
	GlobalSection(ProjectConfigurationPlatforms) = postSolution
		{8F84251D-1CAF-476B-8517-A44D7B48D483}.Debug|Any CPU.ActiveCfg = Debug|Any CPU
		{8F84251D-1CAF-476B-8517-A44D7B48D483}.Release|Any CPU.ActiveCfg = Release|Any CPU
	EndGlobalSection
	GlobalSection(SolutionProperties) = preSolution
		HideSolutionNode = FALSE
	EndGlobalSection
	GlobalSection(ExtensibilityGlobals) = postSolution
		SolutionGuid = {4D29855D-B3EC-4F56-829C-7E9C17E4EDC8}
	EndGlobalSection
EndGlobal
